
Microsoft Visual Studio Solution File, Format Version 12.00
# Visual Studio Version 17
VisualStudioVersion = 17.7.34024.191
MinimumVisualStudioVersion = 10.0.40219.1
Project("{FAE04EC0-301F-11D3-BF4B-00C04F79EFBC}") = "LearnOneProvincesVN.Api", "LearnOneProvincesVN\LearnOneProvincesVN.Api.csproj", "{D6BD3813-3557-4E6C-A856-B1FCFFB9F05C}"
EndProject
Project("{FAE04EC0-301F-11D3-BF4B-00C04F79EFBC}") = "LearnOneProvincesVN.Data", "LearnOneProvinces.Data\LearnOneProvincesVN.Data.csproj", "{29A1F300-40BC-4101-8037-B9D58DDE9780}"
EndProject
Project("{FAE04EC0-301F-11D3-BF4B-00C04F79EFBC}") = "LearnOneProvincesVN.Reponsitory", "LearnOneProvincesVN.Reponsitory\LearnOneProvincesVN.Reponsitory.csproj", "{64DD4E60-840E-46D8-A2FC-39B7DAC074F1}"
EndProject
Project("{FAE04EC0-301F-11D3-BF4B-00C04F79EFBC}") = "LearnOneProvincesVN.Service", "LearnOneProvincesVN.Service\LearnOneProvincesVN.Service.csproj", "{32FC6A07-72AD-4C9C-A11A-F3BD9BA232E1}"
EndProject
Project("{FAE04EC0-301F-11D3-BF4B-00C04F79EFBC}") = "LearnOneProvincesVN.Domain", "LearnOneProvincesVN.Domain\LearnOneProvincesVN.Domain.csproj", "{DD60FAEE-DA77-4536-A5C2-4F1CA3799BC1}"
EndProject
Global
	GlobalSection(SolutionConfigurationPlatforms) = preSolution
		Debug|Any CPU = Debug|Any CPU
		Release|Any CPU = Release|Any CPU
	EndGlobalSection
	GlobalSection(ProjectConfigurationPlatforms) = postSolution
		{D6BD3813-3557-4E6C-A856-B1FCFFB9F05C}.Debug|Any CPU.ActiveCfg = Debug|Any CPU
		{D6BD3813-3557-4E6C-A856-B1FCFFB9F05C}.Debug|Any CPU.Build.0 = Debug|Any CPU
		{D6BD3813-3557-4E6C-A856-B1FCFFB9F05C}.Release|Any CPU.ActiveCfg = Release|Any CPU
		{D6BD3813-3557-4E6C-A856-B1FCFFB9F05C}.Release|Any CPU.Build.0 = Release|Any CPU
		{29A1F300-40BC-4101-8037-B9D58DDE9780}.Debug|Any CPU.ActiveCfg = Debug|Any CPU
		{29A1F300-40BC-4101-8037-B9D58DDE9780}.Debug|Any CPU.Build.0 = Debug|Any CPU
		{29A1F300-40BC-4101-8037-B9D58DDE9780}.Release|Any CPU.ActiveCfg = Release|Any CPU
		{29A1F300-40BC-4101-8037-B9D58DDE9780}.Release|Any CPU.Build.0 = Release|Any CPU
		{64DD4E60-840E-46D8-A2FC-39B7DAC074F1}.Debug|Any CPU.ActiveCfg = Debug|Any CPU
		{64DD4E60-840E-46D8-A2FC-39B7DAC074F1}.Debug|Any CPU.Build.0 = Debug|Any CPU
		{64DD4E60-840E-46D8-A2FC-39B7DAC074F1}.Release|Any CPU.ActiveCfg = Release|Any CPU
		{64DD4E60-840E-46D8-A2FC-39B7DAC074F1}.Release|Any CPU.Build.0 = Release|Any CPU
		{32FC6A07-72AD-4C9C-A11A-F3BD9BA232E1}.Debug|Any CPU.ActiveCfg = Debug|Any CPU
		{32FC6A07-72AD-4C9C-A11A-F3BD9BA232E1}.Debug|Any CPU.Build.0 = Debug|Any CPU
		{32FC6A07-72AD-4C9C-A11A-F3BD9BA232E1}.Release|Any CPU.ActiveCfg = Release|Any CPU
		{32FC6A07-72AD-4C9C-A11A-F3BD9BA232E1}.Release|Any CPU.Build.0 = Release|Any CPU
		{DD60FAEE-DA77-4536-A5C2-4F1CA3799BC1}.Debug|Any CPU.ActiveCfg = Debug|Any CPU
		{DD60FAEE-DA77-4536-A5C2-4F1CA3799BC1}.Debug|Any CPU.Build.0 = Debug|Any CPU
		{DD60FAEE-DA77-4536-A5C2-4F1CA3799BC1}.Release|Any CPU.ActiveCfg = Release|Any CPU
		{DD60FAEE-DA77-4536-A5C2-4F1CA3799BC1}.Release|Any CPU.Build.0 = Release|Any CPU
	EndGlobalSection
	GlobalSection(SolutionProperties) = preSolution
		HideSolutionNode = FALSE
	EndGlobalSection
	GlobalSection(ExtensibilityGlobals) = postSolution
		SolutionGuid = {65D5FA2B-F484-4263-8C4D-7449ADEA0AD1}
	EndGlobalSection
EndGlobal
